{
  "name": "ThreeLearnning",
  "lockfileVersion": 2,
  "requires": true,
  "packages": {
    "": {
      "dependencies": {
        "d3": "^7.2.0",
        "d3-array": "^3.1.1",
        "d3-geo": "^3.0.1",
        "three": "^0.135.0",
        "vue": "^2.6.14"
      }
    },
    "node_modules/commander": {
      "version": "7.2.0",
      "resolved": "https://registry.npmmirror.com/commander/download/commander-7.2.0.tgz",
      "integrity": "sha1-o2y1fQtQHOEI5NIFWaFQo5HZerc=",
      "engines": {
        "node": ">= 10"
      }
    },
    "node_modules/d3": {
      "version": "7.2.0",
      "resolved": "https://registry.npmmirror.com/d3/download/d3-7.2.0.tgz",
      "integrity": "sha512-0bh5lPzD6R/I/SjkcgyQlMaIsrZDgh40yMkdJaiZ/58YEbh4zz5EvtjaudzmI6ruwQNvxGm00trYUyPa992NSQ==",
      "dependencies": {
        "d3-array": "3",
        "d3-axis": "3",
        "d3-brush": "3",
        "d3-chord": "3",
        "d3-color": "3",
        "d3-contour": "3",
        "d3-delaunay": "6",
        "d3-dispatch": "3",
        "d3-drag": "3",
        "d3-dsv": "3",
        "d3-ease": "3",
        "d3-fetch": "3",
        "d3-force": "3",
        "d3-format": "3",
        "d3-geo": "3",
        "d3-hierarchy": "3",
        "d3-interpolate": "3",
        "d3-path": "3",
        "d3-polygon": "3",
        "d3-quadtree": "3",
        "d3-random": "3",
        "d3-scale": "4",
        "d3-scale-chromatic": "3",
        "d3-selection": "3",
        "d3-shape": "3",
        "d3-time": "3",
        "d3-time-format": "4",
        "d3-timer": "3",
        "d3-transition": "3",
        "d3-zoom": "3"
      },
      "engines": {
        "node": ">=12"
      }
    },
    "node_modules/d3-array": {
      "version": "3.1.1",
      "resolved": "https://registry.npmmirror.com/d3-array/download/d3-array-3.1.1.tgz",
      "integrity": "sha1-d5frU+rWuQg8daRaaB6T/EG8Row=",
      "license": "ISC",
      "dependencies": {
        "internmap": "1 - 2"
      },
      "engines": {
        "node": ">=12"
      }
    },
    "node_modules/d3-axis": {
      "version": "3.0.0",
      "resolved": "https://registry.nlark.com/d3-axis/download/d3-axis-3.0.0.tgz?cache=0&sync_timestamp=1623210031739&other_urls=https%3A%2F%2Fregistry.nlark.com%2Fd3-axis%2Fdownload%2Fd3-axis-3.0.0.tgz",
      "integrity": "sha1-xCpKE+gTHWN7dF/Clzgkz+r5MyI=",
      "engines": {
        "node": ">=12"
      }
    },
    "node_modules/d3-brush": {
      "version": "3.0.0",
      "resolved": "https://registry.nlark.com/d3-brush/download/d3-brush-3.0.0.tgz",
      "integrity": "sha1-b3Z8Ttjct53n7ePhwPieY+9k0xw=",
      "dependencies": {
        "d3-dispatch": "1 - 3",
        "d3-drag": "2 - 3",
        "d3-interpolate": "1 - 3",
        "d3-selection": "3",
        "d3-transition": "3"
      },
      "engines": {
        "node": ">=12"
      }
    },
    "node_modules/d3-chord": {
      "version": "3.0.1",
      "resolved": "https://registry.nlark.com/d3-chord/download/d3-chord-3.0.1.tgz",
      "integrity": "sha1-0VbWH0hfzoMn5qvzOctB2Mu6aWY=",
      "dependencies": {
        "d3-path": "1 - 3"
      },
      "engines": {
        "node": ">=12"
      }
    },
    "node_modules/d3-color": {
      "version": "3.0.1",
      "resolved": "https://registry.nlark.com/d3-color/download/d3-color-3.0.1.tgz",
      "integrity": "sha1-AzFuWVlV0fzTnZ82EK1Bu5AZTQo=",
      "engines": {
        "node": ">=12"
      }
    },
    "node_modules/d3-contour": {
      "version": "3.0.1",
      "resolved": "https://registry.nlark.com/d3-contour/download/d3-contour-3.0.1.tgz",
      "integrity": "sha1-LGQlXUMFlZnNDbqP5Mw9Uczdm70=",
      "dependencies": {
        "d3-array": "2 - 3"
      },
      "engines": {
        "node": ">=12"
      }
    },
    "node_modules/d3-delaunay": {
      "version": "6.0.2",
      "resolved": "https://registry.nlark.com/d3-delaunay/download/d3-delaunay-6.0.2.tgz",
      "integrity": "sha1-f9NxetDq3i/Jk59CYKz7UD+YTpI=",
      "dependencies": {
        "delaunator": "5"
      },
      "engines": {
        "node": ">=12"
      }
    },
    "node_modules/d3-dispatch": {
      "version": "3.0.1",
      "resolved": "https://registry.nlark.com/d3-dispatch/download/d3-dispatch-3.0.1.tgz?cache=0&sync_timestamp=1622918261265&other_urls=https%3A%2F%2Fregistry.nlark.com%2Fd3-dispatch%2Fdownload%2Fd3-dispatch-3.0.1.tgz",
      "integrity": "sha1-X8dShOnCN1w2yDlBGgz1UMv8TV4=",
      "engines": {
        "node": ">=12"
      }
    },
    "node_modules/d3-drag": {
      "version": "3.0.0",
      "resolved": "https://registry.nlark.com/d3-drag/download/d3-drag-3.0.0.tgz",
      "integrity": "sha1-mUqunNI8cZ9TteEOOgphCMaWB7o=",
      "dependencies": {
        "d3-dispatch": "1 - 3",
        "d3-selection": "3"
      },
      "engines": {
        "node": ">=12"
      }
    },
    "node_modules/d3-dsv": {
      "version": "3.0.1",
      "resolved": "https://registry.nlark.com/d3-dsv/download/d3-dsv-3.0.1.tgz",
      "integrity": "sha1-xjr5ePTWoNCEpSpnOSK+IWB4m3M=",
      "dependencies": {
        "commander": "7",
        "iconv-lite": "0.6",
        "rw": "1"
      },
      "bin": {
        "csv2json": "bin/dsv2json.js",
        "csv2tsv": "bin/dsv2dsv.js",
        "dsv2dsv": "bin/dsv2dsv.js",
        "dsv2json": "bin/dsv2json.js",
        "json2csv": "bin/json2dsv.js",
        "json2dsv": "bin/json2dsv.js",
        "json2tsv": "bin/json2dsv.js",
        "tsv2csv": "bin/dsv2dsv.js",
        "tsv2json": "bin/dsv2json.js"
      },
      "engines": {
        "node": ">=12"
      }
    },
    "node_modules/d3-ease": {
      "version": "3.0.1",
      "resolved": "https://registry.nlark.com/d3-ease/download/d3-ease-3.0.1.tgz?cache=0&sync_timestamp=1622918263267&other_urls=https%3A%2F%2Fregistry.nlark.com%2Fd3-ease%2Fdownload%2Fd3-ease-3.0.1.tgz",
      "integrity": "sha1-llisOKIUDVnTRhYPH2ww/aC9EvQ=",
      "engines": {
        "node": ">=12"
      }
    },
    "node_modules/d3-fetch": {
      "version": "3.0.1",
      "resolved": "https://registry.nlark.com/d3-fetch/download/d3-fetch-3.0.1.tgz",
      "integrity": "sha1-gxQb/5hWoO21443onNz+Y9CmCiI=",
      "dependencies": {
        "d3-dsv": "1 - 3"
      },
      "engines": {
        "node": ">=12"
      }
    },
    "node_modules/d3-force": {
      "version": "3.0.0",
      "resolved": "https://registry.nlark.com/d3-force/download/d3-force-3.0.0.tgz",
      "integrity": "sha1-Piuhph5wiI/j2RlOMNbRTuzhVcQ=",
      "dependencies": {
        "d3-dispatch": "1 - 3",
        "d3-quadtree": "1 - 3",
        "d3-timer": "1 - 3"
      },
      "engines": {
        "node": ">=12"
      }
    },
    "node_modules/d3-format": {
      "version": "3.1.0",
      "resolved": "https://registry.npmmirror.com/d3-format/download/d3-format-3.1.0.tgz",
      "integrity": "sha512-YyUI6AEuY/Wpt8KWLgZHsIU86atmikuoOmCfommt0LYHiQSPjvX2AcFc38PX0CBpr2RCyZhjex+NS/LPOv6YqA==",
      "engines": {
        "node": ">=12"
      }
    },
    "node_modules/d3-geo": {
      "version": "3.0.1",
      "resolved": "https://registry.nlark.com/d3-geo/download/d3-geo-3.0.1.tgz",
      "integrity": "sha1-T5I2L9hoXZPjsfrg/ZfciYCx7X4=",
      "dependencies": {
        "d3-array": "2.5.0 - 3"
      },
      "engines": {
        "node": ">=12"
      }
    },
    "node_modules/d3-hierarchy": {
      "version": "3.1.0",
      "resolved": "https://registry.npmmirror.com/d3-hierarchy/download/d3-hierarchy-3.1.0.tgz",
      "integrity": "sha512-RZWnhsvcrf81F+khYxu2IOfoSwfCGla9je0JQaRIEuPOgJd+3cKdvAYyMXvTt0MDbluiHThYBQzIb0xxXfnqmA==",
      "engines": {
        "node": ">=12"
      }
    },
    "node_modules/d3-interpolate": {
      "version": "3.0.1",
      "resolved": "https://registry.nlark.com/d3-interpolate/download/d3-interpolate-3.0.1.tgz",
      "integrity": "sha1-PEeqWzLFs9+1bvP9Q0IHimMrQA0=",
      "dependencies": {
        "d3-color": "1 - 3"
      },
      "engines": {
        "node": ">=12"
      }
    },
    "node_modules/d3-path": {
      "version": "3.0.1",
      "resolved": "https://registry.nlark.com/d3-path/download/d3-path-3.0.1.tgz?cache=0&sync_timestamp=1622917833000&other_urls=https%3A%2F%2Fregistry.nlark.com%2Fd3-path%2Fdownload%2Fd3-path-3.0.1.tgz",
      "integrity": "sha1-8J3sCq/9dwt5lfGjmRUr+TBSMh4=",
      "engines": {
        "node": ">=12"
      }
    },
    "node_modules/d3-polygon": {
      "version": "3.0.1",
      "resolved": "https://registry.nlark.com/d3-polygon/download/d3-polygon-3.0.1.tgz",
      "integrity": "sha1-C0XT3RxIopyOBX5hNWk+yAvxY5g=",
      "engines": {
        "node": ">=12"
      }
    },
    "node_modules/d3-quadtree": {
      "version": "3.0.1",
      "resolved": "https://registry.nlark.com/d3-quadtree/download/d3-quadtree-3.0.1.tgz?cache=0&sync_timestamp=1622919071269&other_urls=https%3A%2F%2Fregistry.nlark.com%2Fd3-quadtree%2Fdownload%2Fd3-quadtree-3.0.1.tgz",
      "integrity": "sha1-bco+i+Kzk8mp1RTau9gKkt7vGk8=",
      "engines": {
        "node": ">=12"
      }
    },
    "node_modules/d3-random": {
      "version": "3.0.1",
      "resolved": "https://registry.nlark.com/d3-random/download/d3-random-3.0.1.tgz",
      "integrity": "sha1-1JJjeNMz2cC/0eb6AZTTCuuqIPQ=",
      "engines": {
        "node": ">=12"
      }
    },
    "node_modules/d3-scale": {
      "version": "4.0.2",
      "resolved": "https://registry.npmmirror.com/d3-scale/download/d3-scale-4.0.2.tgz?cache=0&sync_timestamp=1632505941617&other_urls=https%3A%2F%2Fregistry.npmmirror.com%2Fd3-scale%2Fdownload%2Fd3-scale-4.0.2.tgz",
      "integrity": "sha1-grOOjo/3CAdk+Nzsd71L45Nok5Y=",
      "dependencies": {
        "d3-array": "2.10.0 - 3",
        "d3-format": "1 - 3",
        "d3-interpolate": "1.2.0 - 3",
        "d3-time": "2.1.1 - 3",
        "d3-time-format": "2 - 4"
      },
      "engines": {
        "node": ">=12"
      }
    },
    "node_modules/d3-scale-chromatic": {
      "version": "3.0.0",
      "resolved": "https://registry.nlark.com/d3-scale-chromatic/download/d3-scale-chromatic-3.0.0.tgz",
      "integrity": "sha1-FbTOuMorsNy20aZB7gPVnDtiN2o=",
      "dependencies": {
        "d3-color": "1 - 3",
        "d3-interpolate": "1 - 3"
      },
      "engines": {
        "node": ">=12"
      }
    },
    "node_modules/d3-selection": {
      "version": "3.0.0",
      "resolved": "https://registry.nlark.com/d3-selection/download/d3-selection-3.0.0.tgz",
      "integrity": "sha1-wlM4IH76csxbm9FFihpBkB8eGzE=",
      "engines": {
        "node": ">=12"
      }
    },
    "node_modules/d3-shape": {
      "version": "3.0.1",
      "resolved": "https://registry.nlark.com/d3-shape/download/d3-shape-3.0.1.tgz?cache=0&sync_timestamp=1622917833478&other_urls=https%3A%2F%2Fregistry.nlark.com%2Fd3-shape%2Fdownload%2Fd3-shape-3.0.1.tgz",
      "integrity": "sha1-nM37KP2bDRLy2K7CNM1cSp6ieTE=",
      "dependencies": {
        "d3-path": "1 - 3"
      },
      "engines": {
        "node": ">=12"
      }
    },
    "node_modules/d3-time": {
      "version": "3.0.0",
      "resolved": "https://registry.nlark.com/d3-time/download/d3-time-3.0.0.tgz",
      "integrity": "sha1-ZZcsuYri1JVO9cky6HBAYTNdSXU=",
      "dependencies": {
        "d3-array": "2 - 3"
      },
      "engines": {
        "node": ">=12"
      }
    },
    "node_modules/d3-time-format": {
      "version": "4.1.0",
      "resolved": "https://registry.npmmirror.com/d3-time-format/download/d3-time-format-4.1.0.tgz",
      "integrity": "sha512-dJxPBlzC7NugB2PDLwo9Q8JiTR3M3e4/XANkreKSUxF8vvXKqm1Yfq4Q5dl8budlunRVlUUaDUgFt7eA8D6NLg==",
      "dependencies": {
        "d3-time": "1 - 3"
      },
      "engines": {
        "node": ">=12"
      }
    },
    "node_modules/d3-timer": {
      "version": "3.0.1",
      "resolved": "https://registry.nlark.com/d3-timer/download/d3-timer-3.0.1.tgz",
      "integrity": "sha1-YoTSonCChbGrt+IB7aQ4CvNeY7A=",
      "engines": {
        "node": ">=12"
      }
    },
    "node_modules/d3-transition": {
      "version": "3.0.1",
      "resolved": "https://registry.nlark.com/d3-transition/download/d3-transition-3.0.1.tgz",
      "integrity": "sha1-aGn93hRIhoB3/dWYkgDLYbKhZF8=",
      "dependencies": {
        "d3-color": "1 - 3",
        "d3-dispatch": "1 - 3",
        "d3-ease": "1 - 3",
        "d3-interpolate": "1 - 3",
        "d3-timer": "1 - 3"
      },
      "engines": {
        "node": ">=12"
      },
      "peerDependencies": {
        "d3-selection": "2 - 3"
      }
    },
    "node_modules/d3-zoom": {
      "version": "3.0.0",
      "resolved": "https://registry.nlark.com/d3-zoom/download/d3-zoom-3.0.0.tgz",
      "integrity": "sha1-0T9BZccyF//qpUKVzWlps+eu6PM=",
      "dependencies": {
        "d3-dispatch": "1 - 3",
        "d3-drag": "2 - 3",
        "d3-interpolate": "1 - 3",
        "d3-selection": "2 - 3",
        "d3-transition": "2 - 3"
      },
      "engines": {
        "node": ">=12"
      }
    },
    "node_modules/delaunator": {
      "version": "5.0.0",
      "resolved": "https://registry.npm.taobao.org/delaunator/download/delaunator-5.0.0.tgz",
      "integrity": "sha1-YPBSsovZHJtFZoUOv3dW7+gh2Bs=",
      "dependencies": {
        "robust-predicates": "^3.0.0"
      }
    },
    "node_modules/iconv-lite": {
      "version": "0.6.3",
      "resolved": "https://registry.nlark.com/iconv-lite/download/iconv-lite-0.6.3.tgz?cache=0&sync_timestamp=1621826342262&other_urls=https%3A%2F%2Fregistry.nlark.com%2Ficonv-lite%2Fdownload%2Ficonv-lite-0.6.3.tgz",
      "integrity": "sha1-pS+AvzjaGVLrXGgXkHGYcaGnJQE=",
      "dependencies": {
        "safer-buffer": ">= 2.1.2 < 3.0.0"
      },
      "engines": {
        "node": ">=0.10.0"
      }
    },
    "node_modules/internmap": {
      "version": "2.0.3",
      "resolved": "https://registry.nlark.com/internmap/download/internmap-2.0.3.tgz",
      "integrity": "sha1-ZoXyN1XkPFJOJR0py8lySOMGEAk=",
      "engines": {
        "node": ">=12"
      }
    },
    "node_modules/robust-predicates": {
      "version": "3.0.1",
      "resolved": "https://registry.nlark.com/robust-predicates/download/robust-predicates-3.0.1.tgz",
      "integrity": "sha1-7N4HUET38wEYaCvZ+z8SMQlXf5o="
    },
    "node_modules/rw": {
      "version": "1.3.3",
      "resolved": "https://registry.npmmirror.com/rw/download/rw-1.3.3.tgz",
      "integrity": "sha1-P4Yt+pGrdmsUiF700BEkv9oHT7Q="
    },
    "node_modules/safer-buffer": {
      "version": "2.1.2",
      "resolved": "https://registry.nlark.com/safer-buffer/download/safer-buffer-2.1.2.tgz",
      "integrity": "sha1-RPoWGwGHuVSd2Eu5GAL5vYOFzWo="
    },
    "node_modules/three": {
      "version": "0.135.0",
      "resolved": "https://registry.npmmirror.com/three/download/three-0.135.0.tgz",
      "integrity": "sha512-kuEpuuxRzLv0MDsXai9huCxOSQPZ4vje6y0gn80SRmQvgz6/+rI0NAvCRAw56zYaWKMGMfqKWsxF9Qa2Z9xymQ=="
    },
    "node_modules/vue": {
      "version": "2.6.14",
      "resolved": "https://registry.npmmirror.com/vue/download/vue-2.6.14.tgz",
      "integrity": "sha512-x2284lgYvjOMj3Za7kqzRcUSxBboHqtgRE2zlos1qWaOye5yUmHn42LB1250NJBLRwEcdrB0JRwyPTEPhfQjiQ=="
    }
  },
  "dependencies": {
    "commander": {
      "version": "7.2.0",
      "resolved": "https://registry.npmmirror.com/commander/download/commander-7.2.0.tgz",
      "integrity": "sha1-o2y1fQtQHOEI5NIFWaFQo5HZerc="
    },
    "d3": {
      "version": "7.2.0",
      "resolved": "https://registry.npmmirror.com/d3/download/d3-7.2.0.tgz",
      "integrity": "sha512-0bh5lPzD6R/I/SjkcgyQlMaIsrZDgh40yMkdJaiZ/58YEbh4zz5EvtjaudzmI6ruwQNvxGm00trYUyPa992NSQ==",
      "requires": {
        "d3-array": "3",
        "d3-axis": "3",
        "d3-brush": "3",
        "d3-chord": "3",
        "d3-color": "3",
        "d3-contour": "3",
        "d3-delaunay": "6",
        "d3-dispatch": "3",
        "d3-drag": "3",
        "d3-dsv": "3",
        "d3-ease": "3",
        "d3-fetch": "3",
        "d3-force": "3",
        "d3-format": "3",
        "d3-geo": "3",
        "d3-hierarchy": "3",
        "d3-interpolate": "3",
        "d3-path": "3",
        "d3-polygon": "3",
        "d3-quadtree": "3",
        "d3-random": "3",
        "d3-scale": "4",
        "d3-scale-chromatic": "3",
        "d3-selection": "3",
        "d3-shape": "3",
        "d3-time": "3",
        "d3-time-format": "4",
        "d3-timer": "3",
        "d3-transition": "3",
        "d3-zoom": "3"
      }
    },
    "d3-array": {
      "version": "3.1.1",
      "resolved": "https://registry.npmmirror.com/d3-array/download/d3-array-3.1.1.tgz",
      "integrity": "sha1-d5frU+rWuQg8daRaaB6T/EG8Row=",
      "requires": {
        "internmap": "1 - 2"
      }
    },
    "d3-axis": {
      "version": "3.0.0",
      "resolved": "https://registry.nlark.com/d3-axis/download/d3-axis-3.0.0.tgz?cache=0&sync_timestamp=1623210031739&other_urls=https%3A%2F%2Fregistry.nlark.com%2Fd3-axis%2Fdownload%2Fd3-axis-3.0.0.tgz",
      "integrity": "sha1-xCpKE+gTHWN7dF/Clzgkz+r5MyI="
    },
    "d3-brush": {
      "version": "3.0.0",
      "resolved": "https://registry.nlark.com/d3-brush/download/d3-brush-3.0.0.tgz",
      "integrity": "sha1-b3Z8Ttjct53n7ePhwPieY+9k0xw=",
      "requires": {
        "d3-dispatch": "1 - 3",
        "d3-drag": "2 - 3",
        "d3-interpolate": "1 - 3",
        "d3-selection": "3",
        "d3-transition": "3"
      }
    },
    "d3-chord": {
      "version": "3.0.1",
      "resolved": "https://registry.nlark.com/d3-chord/download/d3-chord-3.0.1.tgz",
      "integrity": "sha1-0VbWH0hfzoMn5qvzOctB2Mu6aWY=",
      "requires": {
        "d3-path": "1 - 3"
      }
    },
    "d3-color": {
      "version": "3.0.1",
      "resolved": "https://registry.nlark.com/d3-color/download/d3-color-3.0.1.tgz",
      "integrity": "sha1-AzFuWVlV0fzTnZ82EK1Bu5AZTQo="
    },
    "d3-contour": {
      "version": "3.0.1",
      "resolved": "https://registry.nlark.com/d3-contour/download/d3-contour-3.0.1.tgz",
      "integrity": "sha1-LGQlXUMFlZnNDbqP5Mw9Uczdm70=",
      "requires": {
        "d3-array": "2 - 3"
      }
    },
    "d3-delaunay": {
      "version": "6.0.2",
      "resolved": "https://registry.nlark.com/d3-delaunay/download/d3-delaunay-6.0.2.tgz",
      "integrity": "sha1-f9NxetDq3i/Jk59CYKz7UD+YTpI=",
      "requires": {
        "delaunator": "5"
      }
    },
    "d3-dispatch": {
      "version": "3.0.1",
      "resolved": "https://registry.nlark.com/d3-dispatch/download/d3-dispatch-3.0.1.tgz?cache=0&sync_timestamp=1622918261265&other_urls=https%3A%2F%2Fregistry.nlark.com%2Fd3-dispatch%2Fdownload%2Fd3-dispatch-3.0.1.tgz",
      "integrity": "sha1-X8dShOnCN1w2yDlBGgz1UMv8TV4="
    },
    "d3-drag": {
      "version": "3.0.0",
      "resolved": "https://registry.nlark.com/d3-drag/download/d3-drag-3.0.0.tgz",
      "integrity": "sha1-mUqunNI8cZ9TteEOOgphCMaWB7o=",
      "requires": {
        "d3-dispatch": "1 - 3",
        "d3-selection": "3"
      }
    },
    "d3-dsv": {
      "version": "3.0.1",
      "resolved": "https://registry.nlark.com/d3-dsv/download/d3-dsv-3.0.1.tgz",
      "integrity": "sha1-xjr5ePTWoNCEpSpnOSK+IWB4m3M=",
      "requires": {
        "commander": "7",
        "iconv-lite": "0.6",
        "rw": "1"
      }
    },
    "d3-ease": {
      "version": "3.0.1",
      "resolved": "https://registry.nlark.com/d3-ease/download/d3-ease-3.0.1.tgz?cache=0&sync_timestamp=1622918263267&other_urls=https%3A%2F%2Fregistry.nlark.com%2Fd3-ease%2Fdownload%2Fd3-ease-3.0.1.tgz",
      "integrity": "sha1-llisOKIUDVnTRhYPH2ww/aC9EvQ="
    },
    "d3-fetch": {
      "version": "3.0.1",
      "resolved": "https://registry.nlark.com/d3-fetch/download/d3-fetch-3.0.1.tgz",
      "integrity": "sha1-gxQb/5hWoO21443onNz+Y9CmCiI=",
      "requires": {
        "d3-dsv": "1 - 3"
      }
    },
    "d3-force": {
      "version": "3.0.0",
      "resolved": "https://registry.nlark.com/d3-force/download/d3-force-3.0.0.tgz",
      "integrity": "sha1-Piuhph5wiI/j2RlOMNbRTuzhVcQ=",
      "requires": {
        "d3-dispatch": "1 - 3",
        "d3-quadtree": "1 - 3",
        "d3-timer": "1 - 3"
      }
    },
    "d3-format": {
      "version": "3.1.0",
      "resolved": "https://registry.npmmirror.com/d3-format/download/d3-format-3.1.0.tgz",
      "integrity": "sha512-YyUI6AEuY/Wpt8KWLgZHsIU86atmikuoOmCfommt0LYHiQSPjvX2AcFc38PX0CBpr2RCyZhjex+NS/LPOv6YqA=="
    },
    "d3-geo": {
      "version": "3.0.1",
      "resolved": "https://registry.nlark.com/d3-geo/download/d3-geo-3.0.1.tgz",
      "integrity": "sha1-T5I2L9hoXZPjsfrg/ZfciYCx7X4=",
      "requires": {
        "d3-array": "2.5.0 - 3"
      }
    },
    "d3-hierarchy": {
      "version": "3.1.0",
      "resolved": "https://registry.npmmirror.com/d3-hierarchy/download/d3-hierarchy-3.1.0.tgz",
      "integrity": "sha512-RZWnhsvcrf81F+khYxu2IOfoSwfCGla9je0JQaRIEuPOgJd+3cKdvAYyMXvTt0MDbluiHThYBQzIb0xxXfnqmA=="
    },
    "d3-interpolate": {
      "version": "3.0.1",
      "resolved": "https://registry.nlark.com/d3-interpolate/download/d3-interpolate-3.0.1.tgz",
      "integrity": "sha1-PEeqWzLFs9+1bvP9Q0IHimMrQA0=",
      "requires": {
        "d3-color": "1 - 3"
      }
    },
    "d3-path": {
      "version": "3.0.1",
      "resolved": "https://registry.nlark.com/d3-path/download/d3-path-3.0.1.tgz?cache=0&sync_timestamp=1622917833000&other_urls=https%3A%2F%2Fregistry.nlark.com%2Fd3-path%2Fdownload%2Fd3-path-3.0.1.tgz",
      "integrity": "sha1-8J3sCq/9dwt5lfGjmRUr+TBSMh4="
    },
    "d3-polygon": {
      "version": "3.0.1",
      "resolved": "https://registry.nlark.com/d3-polygon/download/d3-polygon-3.0.1.tgz",
      "integrity": "sha1-C0XT3RxIopyOBX5hNWk+yAvxY5g="
    },
    "d3-quadtree": {
      "version": "3.0.1",
      "resolved": "https://registry.nlark.com/d3-quadtree/download/d3-quadtree-3.0.1.tgz?cache=0&sync_timestamp=1622919071269&other_urls=https%3A%2F%2Fregistry.nlark.com%2Fd3-quadtree%2Fdownload%2Fd3-quadtree-3.0.1.tgz",
      "integrity": "sha1-bco+i+Kzk8mp1RTau9gKkt7vGk8="
    },
    "d3-random": {
      "version": "3.0.1",
      "resolved": "https://registry.nlark.com/d3-random/download/d3-random-3.0.1.tgz",
      "integrity": "sha1-1JJjeNMz2cC/0eb6AZTTCuuqIPQ="
    },
    "d3-scale": {
      "version": "4.0.2",
      "resolved": "https://registry.npmmirror.com/d3-scale/download/d3-scale-4.0.2.tgz?cache=0&sync_timestamp=1632505941617&other_urls=https%3A%2F%2Fregistry.npmmirror.com%2Fd3-scale%2Fdownload%2Fd3-scale-4.0.2.tgz",
      "integrity": "sha1-grOOjo/3CAdk+Nzsd71L45Nok5Y=",
      "requires": {
        "d3-array": "2.10.0 - 3",
        "d3-format": "1 - 3",
        "d3-interpolate": "1.2.0 - 3",
        "d3-time": "2.1.1 - 3",
        "d3-time-format": "2 - 4"
      }
    },
    "d3-scale-chromatic": {
      "version": "3.0.0",
      "resolved": "https://registry.nlark.com/d3-scale-chromatic/download/d3-scale-chromatic-3.0.0.tgz",
      "integrity": "sha1-FbTOuMorsNy20aZB7gPVnDtiN2o=",
      "requires": {
        "d3-color": "1 - 3",
        "d3-interpolate": "1 - 3"
      }
    },
    "d3-selection": {
      "version": "3.0.0",
      "resolved": "https://registry.nlark.com/d3-selection/download/d3-selection-3.0.0.tgz",
      "integrity": "sha1-wlM4IH76csxbm9FFihpBkB8eGzE="
    },
    "d3-shape": {
      "version": "3.0.1",
      "resolved": "https://registry.nlark.com/d3-shape/download/d3-shape-3.0.1.tgz?cache=0&sync_timestamp=1622917833478&other_urls=https%3A%2F%2Fregistry.nlark.com%2Fd3-shape%2Fdownload%2Fd3-shape-3.0.1.tgz",
      "integrity": "sha1-nM37KP2bDRLy2K7CNM1cSp6ieTE=",
      "requires": {
        "d3-path": "1 - 3"
      }
    },
    "d3-time": {
      "version": "3.0.0",
      "resolved": "https://registry.nlark.com/d3-time/download/d3-time-3.0.0.tgz",
      "integrity": "sha1-ZZcsuYri1JVO9cky6HBAYTNdSXU=",
      "requires": {
        "d3-array": "2 - 3"
      }
    },
    "d3-time-format": {
      "version": "4.1.0",
      "resolved": "https://registry.npmmirror.com/d3-time-format/download/d3-time-format-4.1.0.tgz",
      "integrity": "sha512-dJxPBlzC7NugB2PDLwo9Q8JiTR3M3e4/XANkreKSUxF8vvXKqm1Yfq4Q5dl8budlunRVlUUaDUgFt7eA8D6NLg==",
      "requires": {
        "d3-time": "1 - 3"
      }
    },
    "d3-timer": {
      "version": "3.0.1",
      "resolved": "https://registry.nlark.com/d3-timer/download/d3-timer-3.0.1.tgz",
      "integrity": "sha1-YoTSonCChbGrt+IB7aQ4CvNeY7A="
    },
    "d3-transition": {
      "version": "3.0.1",
      "resolved": "https://registry.nlark.com/d3-transition/download/d3-transition-3.0.1.tgz",
      "integrity": "sha1-aGn93hRIhoB3/dWYkgDLYbKhZF8=",
      "requires": {
        "d3-color": "1 - 3",
        "d3-dispatch": "1 - 3",
        "d3-ease": "1 - 3",
        "d3-interpolate": "1 - 3",
        "d3-timer": "1 - 3"
      }
    },
    "d3-zoom": {
      "version": "3.0.0",
      "resolved": "https://registry.nlark.com/d3-zoom/download/d3-zoom-3.0.0.tgz",
      "integrity": "sha1-0T9BZccyF//qpUKVzWlps+eu6PM=",
      "requires": {
        "d3-dispatch": "1 - 3",
        "d3-drag": "2 - 3",
        "d3-interpolate": "1 - 3",
        "d3-selection": "2 - 3",
        "d3-transition": "2 - 3"
      }
    },
    "delaunator": {
      "version": "5.0.0",
      "resolved": "https://registry.npm.taobao.org/delaunator/download/delaunator-5.0.0.tgz",
      "integrity": "sha1-YPBSsovZHJtFZoUOv3dW7+gh2Bs=",
      "requires": {
        "robust-predicates": "^3.0.0"
      }
    },
    "iconv-lite": {
      "version": "0.6.3",
      "resolved": "https://registry.nlark.com/iconv-lite/download/iconv-lite-0.6.3.tgz?cache=0&sync_timestamp=1621826342262&other_urls=https%3A%2F%2Fregistry.nlark.com%2Ficonv-lite%2Fdownload%2Ficonv-lite-0.6.3.tgz",
      "integrity": "sha1-pS+AvzjaGVLrXGgXkHGYcaGnJQE=",
      "requires": {
        "safer-buffer": ">= 2.1.2 < 3.0.0"
      }
    },
    "internmap": {
      "version": "2.0.3",
      "resolved": "https://registry.nlark.com/internmap/download/internmap-2.0.3.tgz",
      "integrity": "sha1-ZoXyN1XkPFJOJR0py8lySOMGEAk="
    },
    "robust-predicates": {
      "version": "3.0.1",
      "resolved": "https://registry.nlark.com/robust-predicates/download/robust-predicates-3.0.1.tgz",
      "integrity": "sha1-7N4HUET38wEYaCvZ+z8SMQlXf5o="
    },
    "rw": {
      "version": "1.3.3",
      "resolved": "https://registry.npmmirror.com/rw/download/rw-1.3.3.tgz",
      "integrity": "sha1-P4Yt+pGrdmsUiF700BEkv9oHT7Q="
    },
    "safer-buffer": {
      "version": "2.1.2",
      "resolved": "https://registry.nlark.com/safer-buffer/download/safer-buffer-2.1.2.tgz",
      "integrity": "sha1-RPoWGwGHuVSd2Eu5GAL5vYOFzWo="
    },
    "three": {
      "version": "0.135.0",
      "resolved": "https://registry.npmmirror.com/three/download/three-0.135.0.tgz",
      "integrity": "sha512-kuEpuuxRzLv0MDsXai9huCxOSQPZ4vje6y0gn80SRmQvgz6/+rI0NAvCRAw56zYaWKMGMfqKWsxF9Qa2Z9xymQ=="
    },
    "vue": {
      "version": "2.6.14",
      "resolved": "https://registry.npmmirror.com/vue/download/vue-2.6.14.tgz",
      "integrity": "sha512-x2284lgYvjOMj3Za7kqzRcUSxBboHqtgRE2zlos1qWaOye5yUmHn42LB1250NJBLRwEcdrB0JRwyPTEPhfQjiQ=="
    }
  }
}
